{
  "name": "typescript",
  "version": "0.0.0",
  "lockfileVersion": 1,
  "requires": true,
  "dependencies": {
    "@angular/common": {
      "version": "8.0.1",
      "resolved": "https://registry.npmjs.org/@angular/common/-/common-8.0.1.tgz",
      "integrity": "sha512-gBjgaQmYuX3/9S91RuJnolCFR1Q+yVqY/qVxyiR7Z+lU6EJ0tINsm4Z+W85pEgCc1tFe4JdE04mBZhwSV/69xQ==",
      "dev": true,
      "requires": {
        "tslib": "^1.9.0"
      }
    },
    "@angular/core": {
      "version": "8.0.1",
      "resolved": "https://registry.npmjs.org/@angular/core/-/core-8.0.1.tgz",
      "integrity": "sha512-lUSYDztaoqpYq169MARIjtTIRuiCAioq875HQpwqApBY3zdSWPeFqU3LohUQnWq6bSVsAup5jn6Dc+juZ4YBNQ==",
      "dev": true,
      "requires": {
        "tslib": "^1.9.0"
      }
    },
    "@angular/language-service": {
      "version": "8.0.1",
      "resolved": "https://registry.npmjs.org/@angular/language-service/-/language-service-8.0.1.tgz",
      "integrity": "sha512-jtAXuFv5NR571ZDhHr/9aww+mGXyxU9GnrA7v5Aw9u6Pr+hhxW3AlQd+LIOoG9SZpW+ccl0EsXeAlvw10aROxg==",
      "dev": true
    },
    "tslib": {
      "version": "1.10.0",
      "resolved": "https://registry.npmjs.org/tslib/-/tslib-1.10.0.tgz",
      "integrity": "sha512-qOebF53frne81cf0S9B41ByenJ3/IuH8yJKngAX35CmiZySA0khhkovshKK+jGCaMnVomla7gVlIcc3EvKPbTQ==",
      "dev": true
    }
  }
}
