{
  "name": "bottom-sheet",
  "version": "0.0.1",
  "lockfileVersion": 1,
  "requires": true,
  "dependencies": {
    "@angular/common": {
      "version": "7.1.4",
      "resolved": "https://registry.npmjs.org/@angular/common/-/common-7.1.4.tgz",
      "integrity": "sha512-oQPCilcf1H/OXmt4z6PfGoCSb1YPRBAXGs/KRBARm3tYan2r5CmV0BFwpWXWQrEMt8YQqqLiBQUQ64d8+VFm8Q==",
      "dev": true,
      "requires": {
        "tslib": "^1.9.0"
      }
    },
    "@angular/core": {
      "version": "7.1.4",
      "resolved": "https://registry.npmjs.org/@angular/core/-/core-7.1.4.tgz",
      "integrity": "sha512-36uWLrmmlzf8JKaq2A5F2tPQEHvFSsbTQWOT559Drp1tzM2uSA7PysNHv5TXUshDn5i54S2EQFm4bj2YPp4Hzg==",
      "dev": true,
      "requires": {
        "tslib": "^1.9.0"
      }
    },
    "@angular/language-service": {
      "version": "7.1.4",
      "resolved": "https://registry.npmjs.org/@angular/language-service/-/language-service-7.1.4.tgz",
      "integrity": "sha512-Pvrk3W3+6XfrmpCRcTumfyplv6AQJXKfDdPFSbhdpHJlpdcQRo6TckA85Yln5/CXZSAiPaZeiejQt2OogrIRLg==",
      "dev": true
    },
    "@angular/platform-browser": {
      "version": "7.1.4",
      "resolved": "https://registry.npmjs.org/@angular/platform-browser/-/platform-browser-7.1.4.tgz",
      "integrity": "sha512-lIFBKo6Uqty7qYDI9T8quFCUzUpGBgpzvDe14aAHFwZCft9rMS1J7PB1F26/dy2RBQE8tUyN2zp2xZQnYAhMcA==",
      "dev": true,
      "requires": {
        "tslib": "^1.9.0"
      }
    },
    "tslib": {
      "version": "1.10.0",
      "resolved": "https://registry.npmjs.org/tslib/-/tslib-1.10.0.tgz",
      "integrity": "sha512-qOebF53frne81cf0S9B41ByenJ3/IuH8yJKngAX35CmiZySA0khhkovshKK+jGCaMnVomla7gVlIcc3EvKPbTQ==",
      "dev": true
    }
  }
}
